// !$*UTF8*$!
{
	archiveVersion = 1;
	classes = {
	};
	objectVersion = 50;
	objects = {

/* Begin PBXBuildFile section */
		9764263824C1BFFD0046D943 /* libRealtimeWatchdog.a in Frameworks */ = {isa = PBXBuildFile; fileRef = 9764263724C1BFF40046D943 /* libRealtimeWatchdog.a */; };
		97B6C04124C0D13C00E88F57 /* CPSequencer.framework in Frameworks */ = {isa = PBXBuildFile; fileRef = 97B6C03724C0D13C00E88F57 /* CPSequencer.framework */; };
		97B6C04624C0D13C00E88F57 /* CPSequencerTests.m in Sources */ = {isa = PBXBuildFile; fileRef = 97B6C04524C0D13C00E88F57 /* CPSequencerTests.m */; };
		97B6C04824C0D13C00E88F57 /* CPSequencer.h in Headers */ = {isa = PBXBuildFile; fileRef = 97B6C03A24C0D13C00E88F57 /* CPSequencer.h */; settings = {ATTRIBUTES = (Public, ); }; };
		97B6C05224C0D16500E88F57 /* CPSequencer.mm in Sources */ = {isa = PBXBuildFile; fileRef = 97B6C05124C0D16500E88F57 /* CPSequencer.mm */; };
		97B6C06524C0D1F000E88F57 /* AETime.m in Sources */ = {isa = PBXBuildFile; fileRef = 97B6C05324C0D1EF00E88F57 /* AETime.m */; };
		97B6C06624C0D1F000E88F57 /* AEArray.m in Sources */ = {isa = PBXBuildFile; fileRef = 97B6C05424C0D1EF00E88F57 /* AEArray.m */; };
		97B6C06724C0D1F000E88F57 /* AEUtilities.m in Sources */ = {isa = PBXBuildFile; fileRef = 97B6C05524C0D1EF00E88F57 /* AEUtilities.m */; };
		97B6C06824C0D1F000E88F57 /* AEAudioThreadEndpoint.m in Sources */ = {isa = PBXBuildFile; fileRef = 97B6C05624C0D1EF00E88F57 /* AEAudioThreadEndpoint.m */; };
		97B6C06924C0D1F000E88F57 /* AEAudioThreadEndpoint.h in Headers */ = {isa = PBXBuildFile; fileRef = 97B6C05724C0D1EF00E88F57 /* AEAudioThreadEndpoint.h */; };
		97B6C06A24C0D1F000E88F57 /* AEArray.h in Headers */ = {isa = PBXBuildFile; fileRef = 97B6C05824C0D1EF00E88F57 /* AEArray.h */; };
		97B6C06B24C0D1F000E88F57 /* AEWeakRetainingProxy.h in Headers */ = {isa = PBXBuildFile; fileRef = 97B6C05924C0D1EF00E88F57 /* AEWeakRetainingProxy.h */; };
		97B6C06C24C0D1F000E88F57 /* AEManagedValue.m in Sources */ = {isa = PBXBuildFile; fileRef = 97B6C05A24C0D1EF00E88F57 /* AEManagedValue.m */; };
		97B6C06D24C0D1F000E88F57 /* AETime.h in Headers */ = {isa = PBXBuildFile; fileRef = 97B6C05B24C0D1F000E88F57 /* AETime.h */; };
		97B6C06E24C0D1F000E88F57 /* AEMessageQueue.h in Headers */ = {isa = PBXBuildFile; fileRef = 97B6C05C24C0D1F000E88F57 /* AEMessageQueue.h */; };
		97B6C06F24C0D1F000E88F57 /* AEUtilities.h in Headers */ = {isa = PBXBuildFile; fileRef = 97B6C05D24C0D1F000E88F57 /* AEUtilities.h */; };
		97B6C07024C0D1F000E88F57 /* AEWeakRetainingProxy.m in Sources */ = {isa = PBXBuildFile; fileRef = 97B6C05E24C0D1F000E88F57 /* AEWeakRetainingProxy.m */; };
		97B6C07124C0D1F000E88F57 /* AETypes.h in Headers */ = {isa = PBXBuildFile; fileRef = 97B6C05F24C0D1F000E88F57 /* AETypes.h */; };
		97B6C07224C0D1F000E88F57 /* AEMessageQueue.m in Sources */ = {isa = PBXBuildFile; fileRef = 97B6C06024C0D1F000E88F57 /* AEMessageQueue.m */; };
		97B6C07324C0D1F000E88F57 /* AEMainThreadEndpoint.m in Sources */ = {isa = PBXBuildFile; fileRef = 97B6C06124C0D1F000E88F57 /* AEMainThreadEndpoint.m */; };
		97B6C07424C0D1F000E88F57 /* AEMainThreadEndpoint.h in Headers */ = {isa = PBXBuildFile; fileRef = 97B6C06224C0D1F000E88F57 /* AEMainThreadEndpoint.h */; };
		97B6C07524C0D1F000E88F57 /* AETypes.m in Sources */ = {isa = PBXBuildFile; fileRef = 97B6C06324C0D1F000E88F57 /* AETypes.m */; };
		97B6C07624C0D1F000E88F57 /* AEManagedValue.h in Headers */ = {isa = PBXBuildFile; fileRef = 97B6C06424C0D1F000E88F57 /* AEManagedValue.h */; };
		97B6C07C24C0D20D00E88F57 /* TPCircularBuffer.h in Headers */ = {isa = PBXBuildFile; fileRef = 97B6C07824C0D20D00E88F57 /* TPCircularBuffer.h */; };
		97B6C07D24C0D20D00E88F57 /* TPCircularBuffer.c in Sources */ = {isa = PBXBuildFile; fileRef = 97B6C07924C0D20D00E88F57 /* TPCircularBuffer.c */; };
		97B6C07E24C0D20D00E88F57 /* TPCircularBuffer+AudioBufferList.h in Headers */ = {isa = PBXBuildFile; fileRef = 97B6C07A24C0D20D00E88F57 /* TPCircularBuffer+AudioBufferList.h */; };
		97B6C07F24C0D20D00E88F57 /* TPCircularBuffer+AudioBufferList.c in Sources */ = {isa = PBXBuildFile; fileRef = 97B6C07B24C0D20D00E88F57 /* TPCircularBuffer+AudioBufferList.c */; };
/* End PBXBuildFile section */

/* Begin PBXContainerItemProxy section */
		9764263624C1BFF40046D943 /* PBXContainerItemProxy */ = {
			isa = PBXContainerItemProxy;
			containerPortal = 9764263224C1BFF40046D943 /* RealtimeWatchdog.xcodeproj */;
			proxyType = 2;
			remoteGlobalIDString = 4C636E311D0D878B005A380B;
			remoteInfo = RealtimeWatchdog;
		};
		97B6C04224C0D13C00E88F57 /* PBXContainerItemProxy */ = {
			isa = PBXContainerItemProxy;
			containerPortal = 97B6C02E24C0D13C00E88F57 /* Project object */;
			proxyType = 1;
			remoteGlobalIDString = 97B6C03624C0D13C00E88F57;
			remoteInfo = CPSequencer;
		};
/* End PBXContainerItemProxy section */

/* Begin PBXFileReference section */
		9764262224C1B1500046D943 /* UIKit.framework */ = {isa = PBXFileReference; lastKnownFileType = wrapper.framework; name = UIKit.framework; path = System/Library/Frameworks/UIKit.framework; sourceTree = SDKROOT; };
		9764262424C1B18C0046D943 /* libRealtimeWatchdog.a */ = {isa = PBXFileReference; explicitFileType = archive.ar; path = libRealtimeWatchdog.a; sourceTree = BUILT_PRODUCTS_DIR; };
		9764263224C1BFF40046D943 /* RealtimeWatchdog.xcodeproj */ = {isa = PBXFileReference; lastKnownFileType = "wrapper.pb-project"; name = RealtimeWatchdog.xcodeproj; path = ../../_downloads/RealtimeWatchdog/RealtimeWatchdog.xcodeproj; sourceTree = "<group>"; };
		97B6C03724C0D13C00E88F57 /* CPSequencer.framework */ = {isa = PBXFileReference; explicitFileType = wrapper.framework; includeInIndex = 0; path = CPSequencer.framework; sourceTree = BUILT_PRODUCTS_DIR; };
		97B6C03A24C0D13C00E88F57 /* CPSequencer.h */ = {isa = PBXFileReference; lastKnownFileType = sourcecode.c.h; path = CPSequencer.h; sourceTree = "<group>"; };
		97B6C03B24C0D13C00E88F57 /* Info.plist */ = {isa = PBXFileReference; lastKnownFileType = text.plist.xml; path = Info.plist; sourceTree = "<group>"; };
		97B6C04024C0D13C00E88F57 /* CPSequencerTests.xctest */ = {isa = PBXFileReference; explicitFileType = wrapper.cfbundle; includeInIndex = 0; path = CPSequencerTests.xctest; sourceTree = BUILT_PRODUCTS_DIR; };
		97B6C04524C0D13C00E88F57 /* CPSequencerTests.m */ = {isa = PBXFileReference; lastKnownFileType = sourcecode.c.objc; path = CPSequencerTests.m; sourceTree = "<group>"; };
		97B6C04724C0D13C00E88F57 /* Info.plist */ = {isa = PBXFileReference; lastKnownFileType = text.plist.xml; path = Info.plist; sourceTree = "<group>"; };
		97B6C05124C0D16500E88F57 /* CPSequencer.mm */ = {isa = PBXFileReference; lastKnownFileType = sourcecode.cpp.objcpp; path = CPSequencer.mm; sourceTree = "<group>"; };
		97B6C05324C0D1EF00E88F57 /* AETime.m */ = {isa = PBXFileReference; fileEncoding = 4; lastKnownFileType = sourcecode.c.objc; path = AETime.m; sourceTree = "<group>"; };
		97B6C05424C0D1EF00E88F57 /* AEArray.m */ = {isa = PBXFileReference; fileEncoding = 4; lastKnownFileType = sourcecode.c.objc; path = AEArray.m; sourceTree = "<group>"; };
		97B6C05524C0D1EF00E88F57 /* AEUtilities.m */ = {isa = PBXFileReference; fileEncoding = 4; lastKnownFileType = sourcecode.c.objc; path = AEUtilities.m; sourceTree = "<group>"; };
		97B6C05624C0D1EF00E88F57 /* AEAudioThreadEndpoint.m */ = {isa = PBXFileReference; fileEncoding = 4; lastKnownFileType = sourcecode.c.objc; path = AEAudioThreadEndpoint.m; sourceTree = "<group>"; };
		97B6C05724C0D1EF00E88F57 /* AEAudioThreadEndpoint.h */ = {isa = PBXFileReference; fileEncoding = 4; lastKnownFileType = sourcecode.c.h; path = AEAudioThreadEndpoint.h; sourceTree = "<group>"; };
		97B6C05824C0D1EF00E88F57 /* AEArray.h */ = {isa = PBXFileReference; fileEncoding = 4; lastKnownFileType = sourcecode.c.h; path = AEArray.h; sourceTree = "<group>"; };
		97B6C05924C0D1EF00E88F57 /* AEWeakRetainingProxy.h */ = {isa = PBXFileReference; fileEncoding = 4; lastKnownFileType = sourcecode.c.h; path = AEWeakRetainingProxy.h; sourceTree = "<group>"; };
		97B6C05A24C0D1EF00E88F57 /* AEManagedValue.m */ = {isa = PBXFileReference; fileEncoding = 4; lastKnownFileType = sourcecode.c.objc; path = AEManagedValue.m; sourceTree = "<group>"; };
		97B6C05B24C0D1F000E88F57 /* AETime.h */ = {isa = PBXFileReference; fileEncoding = 4; lastKnownFileType = sourcecode.c.h; path = AETime.h; sourceTree = "<group>"; };
		97B6C05C24C0D1F000E88F57 /* AEMessageQueue.h */ = {isa = PBXFileReference; fileEncoding = 4; lastKnownFileType = sourcecode.c.h; path = AEMessageQueue.h; sourceTree = "<group>"; };
		97B6C05D24C0D1F000E88F57 /* AEUtilities.h */ = {isa = PBXFileReference; fileEncoding = 4; lastKnownFileType = sourcecode.c.h; path = AEUtilities.h; sourceTree = "<group>"; };
		97B6C05E24C0D1F000E88F57 /* AEWeakRetainingProxy.m */ = {isa = PBXFileReference; fileEncoding = 4; lastKnownFileType = sourcecode.c.objc; path = AEWeakRetainingProxy.m; sourceTree = "<group>"; };
		97B6C05F24C0D1F000E88F57 /* AETypes.h */ = {isa = PBXFileReference; fileEncoding = 4; lastKnownFileType = sourcecode.c.h; path = AETypes.h; sourceTree = "<group>"; };
		97B6C06024C0D1F000E88F57 /* AEMessageQueue.m */ = {isa = PBXFileReference; fileEncoding = 4; lastKnownFileType = sourcecode.c.objc; path = AEMessageQueue.m; sourceTree = "<group>"; };
		97B6C06124C0D1F000E88F57 /* AEMainThreadEndpoint.m */ = {isa = PBXFileReference; fileEncoding = 4; lastKnownFileType = sourcecode.c.objc; path = AEMainThreadEndpoint.m; sourceTree = "<group>"; };
		97B6C06224C0D1F000E88F57 /* AEMainThreadEndpoint.h */ = {isa = PBXFileReference; fileEncoding = 4; lastKnownFileType = sourcecode.c.h; path = AEMainThreadEndpoint.h; sourceTree = "<group>"; };
		97B6C06324C0D1F000E88F57 /* AETypes.m */ = {isa = PBXFileReference; fileEncoding = 4; lastKnownFileType = sourcecode.c.objc; path = AETypes.m; sourceTree = "<group>"; };
		97B6C06424C0D1F000E88F57 /* AEManagedValue.h */ = {isa = PBXFileReference; fileEncoding = 4; lastKnownFileType = sourcecode.c.h; path = AEManagedValue.h; sourceTree = "<group>"; };
		97B6C07824C0D20D00E88F57 /* TPCircularBuffer.h */ = {isa = PBXFileReference; fileEncoding = 4; lastKnownFileType = sourcecode.c.h; path = TPCircularBuffer.h; sourceTree = "<group>"; };
		97B6C07924C0D20D00E88F57 /* TPCircularBuffer.c */ = {isa = PBXFileReference; fileEncoding = 4; lastKnownFileType = sourcecode.c.c; path = TPCircularBuffer.c; sourceTree = "<group>"; };
		97B6C07A24C0D20D00E88F57 /* TPCircularBuffer+AudioBufferList.h */ = {isa = PBXFileReference; fileEncoding = 4; lastKnownFileType = sourcecode.c.h; path = "TPCircularBuffer+AudioBufferList.h"; sourceTree = "<group>"; };
		97B6C07B24C0D20D00E88F57 /* TPCircularBuffer+AudioBufferList.c */ = {isa = PBXFileReference; fileEncoding = 4; lastKnownFileType = sourcecode.c.c; path = "TPCircularBuffer+AudioBufferList.c"; sourceTree = "<group>"; };
/* End PBXFileReference section */

/* Begin PBXFrameworksBuildPhase section */
		97B6C03424C0D13C00E88F57 /* Frameworks */ = {
			isa = PBXFrameworksBuildPhase;
			buildActionMask = 2147483647;
			files = (
				9764263824C1BFFD0046D943 /* libRealtimeWatchdog.a in Frameworks */,
			);
			runOnlyForDeploymentPostprocessing = 0;
		};
		97B6C03D24C0D13C00E88F57 /* Frameworks */ = {
			isa = PBXFrameworksBuildPhase;
			buildActionMask = 2147483647;
			files = (
				97B6C04124C0D13C00E88F57 /* CPSequencer.framework in Frameworks */,
			);
			runOnlyForDeploymentPostprocessing = 0;
		};
/* End PBXFrameworksBuildPhase section */

/* Begin PBXGroup section */
		9764262124C1B1500046D943 /* Frameworks */ = {
			isa = PBXGroup;
			children = (
				9764262424C1B18C0046D943 /* libRealtimeWatchdog.a */,
				9764262224C1B1500046D943 /* UIKit.framework */,
			);
			name = Frameworks;
			sourceTree = "<group>";
		};
		9764263324C1BFF40046D943 /* Products */ = {
			isa = PBXGroup;
			children = (
				9764263724C1BFF40046D943 /* libRealtimeWatchdog.a */,
			);
			name = Products;
			sourceTree = "<group>";
		};
		97B6C02D24C0D13C00E88F57 = {
			isa = PBXGroup;
			children = (
				97B6C03924C0D13C00E88F57 /* CPSequencer */,
				97B6C04424C0D13C00E88F57 /* CPSequencerTests */,
				97B6C03824C0D13C00E88F57 /* Products */,
				9764262124C1B1500046D943 /* Frameworks */,
				9764263224C1BFF40046D943 /* RealtimeWatchdog.xcodeproj */,
			);
			sourceTree = "<group>";
		};
		97B6C03824C0D13C00E88F57 /* Products */ = {
			isa = PBXGroup;
			children = (
				97B6C03724C0D13C00E88F57 /* CPSequencer.framework */,
				97B6C04024C0D13C00E88F57 /* CPSequencerTests.xctest */,
			);
			name = Products;
			sourceTree = "<group>";
		};
		97B6C03924C0D13C00E88F57 /* CPSequencer */ = {
			isa = PBXGroup;
			children = (
				97B6C03A24C0D13C00E88F57 /* CPSequencer.h */,
				97B6C05124C0D16500E88F57 /* CPSequencer.mm */,
				97B6C07724C0D1F500E88F57 /* TAAE */,
				97B6C08024C0D21300E88F57 /* TPCircularBuffer */,
				97B6C03B24C0D13C00E88F57 /* Info.plist */,
			);
			path = CPSequencer;
			sourceTree = "<group>";
		};
		97B6C04424C0D13C00E88F57 /* CPSequencerTests */ = {
			isa = PBXGroup;
			children = (
				97B6C04524C0D13C00E88F57 /* CPSequencerTests.m */,
				97B6C04724C0D13C00E88F57 /* Info.plist */,
			);
			path = CPSequencerTests;
			sourceTree = "<group>";
		};
		97B6C07724C0D1F500E88F57 /* TAAE */ = {
			isa = PBXGroup;
			children = (
				97B6C05824C0D1EF00E88F57 /* AEArray.h */,
				97B6C05424C0D1EF00E88F57 /* AEArray.m */,
				97B6C05724C0D1EF00E88F57 /* AEAudioThreadEndpoint.h */,
				97B6C05624C0D1EF00E88F57 /* AEAudioThreadEndpoint.m */,
				97B6C06224C0D1F000E88F57 /* AEMainThreadEndpoint.h */,
				97B6C06124C0D1F000E88F57 /* AEMainThreadEndpoint.m */,
				97B6C06424C0D1F000E88F57 /* AEManagedValue.h */,
				97B6C05A24C0D1EF00E88F57 /* AEManagedValue.m */,
				97B6C05C24C0D1F000E88F57 /* AEMessageQueue.h */,
				97B6C06024C0D1F000E88F57 /* AEMessageQueue.m */,
				97B6C05B24C0D1F000E88F57 /* AETime.h */,
				97B6C05324C0D1EF00E88F57 /* AETime.m */,
				97B6C05F24C0D1F000E88F57 /* AETypes.h */,
				97B6C06324C0D1F000E88F57 /* AETypes.m */,
				97B6C05D24C0D1F000E88F57 /* AEUtilities.h */,
				97B6C05524C0D1EF00E88F57 /* AEUtilities.m */,
				97B6C05924C0D1EF00E88F57 /* AEWeakRetainingProxy.h */,
				97B6C05E24C0D1F000E88F57 /* AEWeakRetainingProxy.m */,
			);
			path = TAAE;
			sourceTree = "<group>";
		};
		97B6C08024C0D21300E88F57 /* TPCircularBuffer */ = {
			isa = PBXGroup;
			children = (
				97B6C07924C0D20D00E88F57 /* TPCircularBuffer.c */,
				97B6C07824C0D20D00E88F57 /* TPCircularBuffer.h */,
				97B6C07B24C0D20D00E88F57 /* TPCircularBuffer+AudioBufferList.c */,
				97B6C07A24C0D20D00E88F57 /* TPCircularBuffer+AudioBufferList.h */,
			);
			path = TPCircularBuffer;
			sourceTree = "<group>";
		};
/* End PBXGroup section */

/* Begin PBXHeadersBuildPhase section */
		97B6C03224C0D13C00E88F57 /* Headers */ = {
			isa = PBXHeadersBuildPhase;
			buildActionMask = 2147483647;
			files = (
				97B6C06924C0D1F000E88F57 /* AEAudioThreadEndpoint.h in Headers */,
				97B6C06B24C0D1F000E88F57 /* AEWeakRetainingProxy.h in Headers */,
				97B6C07124C0D1F000E88F57 /* AETypes.h in Headers */,
				97B6C06A24C0D1F000E88F57 /* AEArray.h in Headers */,
				97B6C06F24C0D1F000E88F57 /* AEUtilities.h in Headers */,
				97B6C06D24C0D1F000E88F57 /* AETime.h in Headers */,
				97B6C07E24C0D20D00E88F57 /* TPCircularBuffer+AudioBufferList.h in Headers */,
				97B6C07624C0D1F000E88F57 /* AEManagedValue.h in Headers */,
				97B6C06E24C0D1F000E88F57 /* AEMessageQueue.h in Headers */,
				97B6C04824C0D13C00E88F57 /* CPSequencer.h in Headers */,
				97B6C07C24C0D20D00E88F57 /* TPCircularBuffer.h in Headers */,
				97B6C07424C0D1F000E88F57 /* AEMainThreadEndpoint.h in Headers */,
			);
			runOnlyForDeploymentPostprocessing = 0;
		};
/* End PBXHeadersBuildPhase section */

/* Begin PBXNativeTarget section */
		97B6C03624C0D13C00E88F57 /* CPSequencer */ = {
			isa = PBXNativeTarget;
			buildConfigurationList = 97B6C04B24C0D13C00E88F57 /* Build configuration list for PBXNativeTarget "CPSequencer" */;
			buildPhases = (
				97B6C03224C0D13C00E88F57 /* Headers */,
				97B6C03324C0D13C00E88F57 /* Sources */,
				97B6C03424C0D13C00E88F57 /* Frameworks */,
				97B6C03524C0D13C00E88F57 /* Resources */,
			);
			buildRules = (
			);
			dependencies = (
			);
			name = CPSequencer;
			productName = CPSequencer;
			productReference = 97B6C03724C0D13C00E88F57 /* CPSequencer.framework */;
			productType = "com.apple.product-type.framework";
		};
		97B6C03F24C0D13C00E88F57 /* CPSequencerTests */ = {
			isa = PBXNativeTarget;
			buildConfigurationList = 97B6C04E24C0D13C00E88F57 /* Build configuration list for PBXNativeTarget "CPSequencerTests" */;
			buildPhases = (
				97B6C03C24C0D13C00E88F57 /* Sources */,
				97B6C03D24C0D13C00E88F57 /* Frameworks */,
				97B6C03E24C0D13C00E88F57 /* Resources */,
			);
			buildRules = (
			);
			dependencies = (
				97B6C04324C0D13C00E88F57 /* PBXTargetDependency */,
			);
			name = CPSequencerTests;
			productName = CPSequencerTests;
			productReference = 97B6C04024C0D13C00E88F57 /* CPSequencerTests.xctest */;
			productType = "com.apple.product-type.bundle.unit-test";
		};
/* End PBXNativeTarget section */

/* Begin PBXProject section */
		97B6C02E24C0D13C00E88F57 /* Project object */ = {
			isa = PBXProject;
			attributes = {
				LastUpgradeCheck = 1160;
				ORGANIZATIONNAME = cp3.io;
				TargetAttributes = {
					97B6C03624C0D13C00E88F57 = {
						CreatedOnToolsVersion = 11.6;
					};
					97B6C03F24C0D13C00E88F57 = {
						CreatedOnToolsVersion = 11.6;
					};
				};
			};
			buildConfigurationList = 97B6C03124C0D13C00E88F57 /* Build configuration list for PBXProject "CPSequencer" */;
			compatibilityVersion = "Xcode 9.3";
			developmentRegion = en;
			hasScannedForEncodings = 0;
			knownRegions = (
				en,
				Base,
			);
			mainGroup = 97B6C02D24C0D13C00E88F57;
			productRefGroup = 97B6C03824C0D13C00E88F57 /* Products */;
			projectDirPath = "";
			projectReferences = (
				{
					ProductGroup = 9764263324C1BFF40046D943 /* Products */;
					ProjectRef = 9764263224C1BFF40046D943 /* RealtimeWatchdog.xcodeproj */;
				},
			);
			projectRoot = "";
			targets = (
				97B6C03624C0D13C00E88F57 /* CPSequencer */,
				97B6C03F24C0D13C00E88F57 /* CPSequencerTests */,
			);
		};
/* End PBXProject section */

/* Begin PBXReferenceProxy section */
		9764263724C1BFF40046D943 /* libRealtimeWatchdog.a */ = {
			isa = PBXReferenceProxy;
			fileType = archive.ar;
			path = libRealtimeWatchdog.a;
			remoteRef = 9764263624C1BFF40046D943 /* PBXContainerItemProxy */;
			sourceTree = BUILT_PRODUCTS_DIR;
		};
/* End PBXReferenceProxy section */

/* Begin PBXResourcesBuildPhase section */
		97B6C03524C0D13C00E88F57 /* Resources */ = {
			isa = PBXResourcesBuildPhase;
			buildActionMask = 2147483647;
			files = (
			);
			runOnlyForDeploymentPostprocessing = 0;
		};
		97B6C03E24C0D13C00E88F57 /* Resources */ = {
			isa = PBXResourcesBuildPhase;
			buildActionMask = 2147483647;
			files = (
			);
			runOnlyForDeploymentPostprocessing = 0;
		};
/* End PBXResourcesBuildPhase section */

/* Begin PBXSourcesBuildPhase section */
		97B6C03324C0D13C00E88F57 /* Sources */ = {
			isa = PBXSourcesBuildPhase;
			buildActionMask = 2147483647;
			files = (
				97B6C07D24C0D20D00E88F57 /* TPCircularBuffer.c in Sources */,
				97B6C06524C0D1F000E88F57 /* AETime.m in Sources */,
				97B6C07524C0D1F000E88F57 /* AETypes.m in Sources */,
				97B6C06C24C0D1F000E88F57 /* AEManagedValue.m in Sources */,
				97B6C07024C0D1F000E88F57 /* AEWeakRetainingProxy.m in Sources */,
				97B6C07F24C0D20D00E88F57 /* TPCircularBuffer+AudioBufferList.c in Sources */,
				97B6C07324C0D1F000E88F57 /* AEMainThreadEndpoint.m in Sources */,
				97B6C07224C0D1F000E88F57 /* AEMessageQueue.m in Sources */,
				97B6C06824C0D1F000E88F57 /* AEAudioThreadEndpoint.m in Sources */,
				97B6C06624C0D1F000E88F57 /* AEArray.m in Sources */,
				97B6C06724C0D1F000E88F57 /* AEUtilities.m in Sources */,
				97B6C05224C0D16500E88F57 /* CPSequencer.mm in Sources */,
			);
			runOnlyForDeploymentPostprocessing = 0;
		};
		97B6C03C24C0D13C00E88F57 /* Sources */ = {
			isa = PBXSourcesBuildPhase;
			buildActionMask = 2147483647;
			files = (
				97B6C04624C0D13C00E88F57 /* CPSequencerTests.m in Sources */,
			);
			runOnlyForDeploymentPostprocessing = 0;
		};
/* End PBXSourcesBuildPhase section */

/* Begin PBXTargetDependency section */
		97B6C04324C0D13C00E88F57 /* PBXTargetDependency */ = {
			isa = PBXTargetDependency;
			target = 97B6C03624C0D13C00E88F57 /* CPSequencer */;
			targetProxy = 97B6C04224C0D13C00E88F57 /* PBXContainerItemProxy */;
		};
/* End PBXTargetDependency section */

/* Begin XCBuildConfiguration section */
		97B6C04924C0D13C00E88F57 /* Debug */ = {
			isa = XCBuildConfiguration;
			buildSettings = {
				ALWAYS_SEARCH_USER_PATHS = NO;
				CLANG_ANALYZER_NONNULL = YES;
				CLANG_ANALYZER_NUMBER_OBJECT_CONVERSION = YES_AGGRESSIVE;
				CLANG_CXX_LANGUAGE_STANDARD = "gnu++14";
				CLANG_CXX_LIBRARY = "libc++";
				CLANG_ENABLE_MODULES = YES;
				CLANG_ENABLE_OBJC_ARC = YES;
				CLANG_ENABLE_OBJC_WEAK = YES;
				CLANG_WARN_BLOCK_CAPTURE_AUTORELEASING = YES;
				CLANG_WARN_BOOL_CONVERSION = YES;
				CLANG_WARN_COMMA = YES;
				CLANG_WARN_CONSTANT_CONVERSION = YES;
				CLANG_WARN_DEPRECATED_OBJC_IMPLEMENTATIONS = YES;
				CLANG_WARN_DIRECT_OBJC_ISA_USAGE = YES_ERROR;
				CLANG_WARN_DOCUMENTATION_COMMENTS = YES;
				CLANG_WARN_EMPTY_BODY = YES;
				CLANG_WARN_ENUM_CONVERSION = YES;
				CLANG_WARN_INFINITE_RECURSION = YES;
				CLANG_WARN_INT_CONVERSION = YES;
				CLANG_WARN_NON_LITERAL_NULL_CONVERSION = YES;
				CLANG_WARN_OBJC_IMPLICIT_RETAIN_SELF = YES;
				CLANG_WARN_OBJC_LITERAL_CONVERSION = YES;
				CLANG_WARN_OBJC_ROOT_CLASS = YES_ERROR;
				CLANG_WARN_RANGE_LOOP_ANALYSIS = YES;
				CLANG_WARN_STRICT_PROTOTYPES = YES;
				CLANG_WARN_SUSPICIOUS_MOVE = YES;
				CLANG_WARN_UNGUARDED_AVAILABILITY = YES_AGGRESSIVE;
				CLANG_WARN_UNREACHABLE_CODE = YES;
				CLANG_WARN__DUPLICATE_METHOD_MATCH = YES;
				COPY_PHASE_STRIP = NO;
				CURRENT_PROJECT_VERSION = 1;
				DEBUG_INFORMATION_FORMAT = dwarf;
				ENABLE_STRICT_OBJC_MSGSEND = YES;
				ENABLE_TESTABILITY = YES;
				GCC_C_LANGUAGE_STANDARD = gnu11;
				GCC_DYNAMIC_NO_PIC = NO;
				GCC_NO_COMMON_BLOCKS = YES;
				GCC_OPTIMIZATION_LEVEL = 0;
				GCC_PREPROCESSOR_DEFINITIONS = (
					"DEBUG=1",
					"$(inherited)",
				);
				GCC_WARN_64_TO_32_BIT_CONVERSION = YES;
				GCC_WARN_ABOUT_RETURN_TYPE = YES_ERROR;
				GCC_WARN_UNDECLARED_SELECTOR = YES;
				GCC_WARN_UNINITIALIZED_AUTOS = YES_AGGRESSIVE;
				GCC_WARN_UNUSED_FUNCTION = YES;
				GCC_WARN_UNUSED_VARIABLE = YES;
				IPHONEOS_DEPLOYMENT_TARGET = 13.6;
				MTL_ENABLE_DEBUG_INFO = INCLUDE_SOURCE;
				MTL_FAST_MATH = YES;
				ONLY_ACTIVE_ARCH = YES;
				SDKROOT = iphoneos;
				VERSIONING_SYSTEM = "apple-generic";
				VERSION_INFO_PREFIX = "";
			};
			name = Debug;
		};
		97B6C04A24C0D13C00E88F57 /* Release */ = {
			isa = XCBuildConfiguration;
			buildSettings = {
				ALWAYS_SEARCH_USER_PATHS = NO;
				CLANG_ANALYZER_NONNULL = YES;
				CLANG_ANALYZER_NUMBER_OBJECT_CONVERSION = YES_AGGRESSIVE;
				CLANG_CXX_LANGUAGE_STANDARD = "gnu++14";
				CLANG_CXX_LIBRARY = "libc++";
				CLANG_ENABLE_MODULES = YES;
				CLANG_ENABLE_OBJC_ARC = YES;
				CLANG_ENABLE_OBJC_WEAK = YES;
				CLANG_WARN_BLOCK_CAPTURE_AUTORELEASING = YES;
				CLANG_WARN_BOOL_CONVERSION = YES;
				CLANG_WARN_COMMA = YES;
				CLANG_WARN_CONSTANT_CONVERSION = YES;
				CLANG_WARN_DEPRECATED_OBJC_IMPLEMENTATIONS = YES;
				CLANG_WARN_DIRECT_OBJC_ISA_USAGE = YES_ERROR;
				CLANG_WARN_DOCUMENTATION_COMMENTS = YES;
				CLANG_WARN_EMPTY_BODY = YES;
				CLANG_WARN_ENUM_CONVERSION = YES;
				CLANG_WARN_INFINITE_RECURSION = YES;
				CLANG_WARN_INT_CONVERSION = YES;
				CLANG_WARN_NON_LITERAL_NULL_CONVERSION = YES;
				CLANG_WARN_OBJC_IMPLICIT_RETAIN_SELF = YES;
				CLANG_WARN_OBJC_LITERAL_CONVERSION = YES;
				CLANG_WARN_OBJC_ROOT_CLASS = YES_ERROR;
				CLANG_WARN_RANGE_LOOP_ANALYSIS = YES;
				CLANG_WARN_STRICT_PROTOTYPES = YES;
				CLANG_WARN_SUSPICIOUS_MOVE = YES;
				CLANG_WARN_UNGUARDED_AVAILABILITY = YES_AGGRESSIVE;
				CLANG_WARN_UNREACHABLE_CODE = YES;
				CLANG_WARN__DUPLICATE_METHOD_MATCH = YES;
				COPY_PHASE_STRIP = NO;
				CURRENT_PROJECT_VERSION = 1;
				DEBUG_INFORMATION_FORMAT = "dwarf-with-dsym";
				ENABLE_NS_ASSERTIONS = NO;
				ENABLE_STRICT_OBJC_MSGSEND = YES;
				GCC_C_LANGUAGE_STANDARD = gnu11;
				GCC_NO_COMMON_BLOCKS = YES;
				GCC_WARN_64_TO_32_BIT_CONVERSION = YES;
				GCC_WARN_ABOUT_RETURN_TYPE = YES_ERROR;
				GCC_WARN_UNDECLARED_SELECTOR = YES;
				GCC_WARN_UNINITIALIZED_AUTOS = YES_AGGRESSIVE;
				GCC_WARN_UNUSED_FUNCTION = YES;
				GCC_WARN_UNUSED_VARIABLE = YES;
				IPHONEOS_DEPLOYMENT_TARGET = 13.6;
				MTL_ENABLE_DEBUG_INFO = NO;
				MTL_FAST_MATH = YES;
				SDKROOT = iphoneos;
				VALIDATE_PRODUCT = YES;
				VERSIONING_SYSTEM = "apple-generic";
				VERSION_INFO_PREFIX = "";
			};
			name = Release;
		};
		97B6C04C24C0D13C00E88F57 /* Debug */ = {
			isa = XCBuildConfiguration;
			buildSettings = {
				CODE_SIGN_STYLE = Automatic;
				DEFINES_MODULE = YES;
				DEVELOPMENT_TEAM = 5GWBH83EBX;
				DYLIB_COMPATIBILITY_VERSION = 1;
				DYLIB_CURRENT_VERSION = 1;
				DYLIB_INSTALL_NAME_BASE = "@rpath";
				INFOPLIST_FILE = CPSequencer/Info.plist;
				INSTALL_PATH = "$(LOCAL_LIBRARY_DIR)/Frameworks";
				LD_RUNPATH_SEARCH_PATHS = (
					"$(inherited)",
					"@executable_path/Frameworks",
					"@loader_path/Frameworks",
				);
				PRODUCT_BUNDLE_IDENTIFIER = io.cp3.CPSequencer;
				PRODUCT_NAME = "$(TARGET_NAME:c99extidentifier)";
				SKIP_INSTALL = YES;
				TARGETED_DEVICE_FAMILY = "1,2";
			};
			name = Debug;
		};
		97B6C04D24C0D13C00E88F57 /* Release */ = {
			isa = XCBuildConfiguration;
			buildSettings = {
				CODE_SIGN_STYLE = Automatic;
				DEFINES_MODULE = YES;
				DEVELOPMENT_TEAM = 5GWBH83EBX;
				DYLIB_COMPATIBILITY_VERSION = 1;
				DYLIB_CURRENT_VERSION = 1;
				DYLIB_INSTALL_NAME_BASE = "@rpath";
				INFOPLIST_FILE = CPSequencer/Info.plist;
				INSTALL_PATH = "$(LOCAL_LIBRARY_DIR)/Frameworks";
				LD_RUNPATH_SEARCH_PATHS = (
					"$(inherited)",
					"@executable_path/Frameworks",
					"@loader_path/Frameworks",
				);
				PRODUCT_BUNDLE_IDENTIFIER = io.cp3.CPSequencer;
				PRODUCT_NAME = "$(TARGET_NAME:c99extidentifier)";
				SKIP_INSTALL = YES;
				TARGETED_DEVICE_FAMILY = "1,2";
			};
			name = Release;
		};
		97B6C04F24C0D13C00E88F57 /* Debug */ = {
			isa = XCBuildConfiguration;
			buildSettings = {
				CODE_SIGN_STYLE = Automatic;
				DEVELOPMENT_TEAM = 5GWBH83EBX;
				INFOPLIST_FILE = CPSequencerTests/Info.plist;
				LD_RUNPATH_SEARCH_PATHS = (
					"$(inherited)",
					"@executable_path/Frameworks",
					"@loader_path/Frameworks",
				);
				PRODUCT_BUNDLE_IDENTIFIER = io.cp3.CPSequencerTests;
				PRODUCT_NAME = "$(TARGET_NAME)";
				TARGETED_DEVICE_FAMILY = "1,2";
			};
			name = Debug;
		};
		97B6C05024C0D13C00E88F57 /* Release */ = {
			isa = XCBuildConfiguration;
			buildSettings = {
				CODE_SIGN_STYLE = Automatic;
				DEVELOPMENT_TEAM = 5GWBH83EBX;
				INFOPLIST_FILE = CPSequencerTests/Info.plist;
				LD_RUNPATH_SEARCH_PATHS = (
					"$(inherited)",
					"@executable_path/Frameworks",
					"@loader_path/Frameworks",
				);
				PRODUCT_BUNDLE_IDENTIFIER = io.cp3.CPSequencerTests;
				PRODUCT_NAME = "$(TARGET_NAME)";
				TARGETED_DEVICE_FAMILY = "1,2";
			};
			name = Release;
		};
/* End XCBuildConfiguration section */

/* Begin XCConfigurationList section */
		97B6C03124C0D13C00E88F57 /* Build configuration list for PBXProject "CPSequencer" */ = {
			isa = XCConfigurationList;
			buildConfigurations = (
				97B6C04924C0D13C00E88F57 /* Debug */,
				97B6C04A24C0D13C00E88F57 /* Release */,
			);
			defaultConfigurationIsVisible = 0;
			defaultConfigurationName = Release;
		};
		97B6C04B24C0D13C00E88F57 /* Build configuration list for PBXNativeTarget "CPSequencer" */ = {
			isa = XCConfigurationList;
			buildConfigurations = (
				97B6C04C24C0D13C00E88F57 /* Debug */,
				97B6C04D24C0D13C00E88F57 /* Release */,
			);
			defaultConfigurationIsVisible = 0;
			defaultConfigurationName = Release;
		};
		97B6C04E24C0D13C00E88F57 /* Build configuration list for PBXNativeTarget "CPSequencerTests" */ = {
			isa = XCConfigurationList;
			buildConfigurations = (
				97B6C04F24C0D13C00E88F57 /* Debug */,
				97B6C05024C0D13C00E88F57 /* Release */,
			);
			defaultConfigurationIsVisible = 0;
			defaultConfigurationName = Release;
		};
/* End XCConfigurationList section */
	};
	rootObject = 97B6C02E24C0D13C00E88F57 /* Project object */;
}
